# auto-generated by grc.converter

id: pdu_utils_pdu_to_bursts_X
label: PDU To Bursts
category: '[Sandia]/PDU Utilities'

parameters:
-   id: type
    label: PDU Type
    dtype: enum
    options: [c, f, s, b]
    option_labels: [Complex, Float, Short, Byte]
    option_attributes:
        output: [complex, float, short, byte]
    hide: part
-   id: early_behavior
    label: Early Behavior
    dtype: enum
    options: [pdu_utils.EARLY_BURST_BEHAVIOR__APPEND, pdu_utils.EARLY_BURST_BEHAVIOR__DROP,
        pdu_utils.EARLY_BURST_BEHAVIOR__BALK]
    option_labels: [Append, Drop, Balk]
-   id: depth
    label: Queue Depth
    dtype: int
    default: '64'
    hide: part

inputs:
-   domain: message
    id: bursts

outputs:
-   domain: stream
    dtype: ${ type.output }
asserts:
- ${ depth > 2 }
- ${ depth <= 2048 }

templates:
    imports: import pdu_utils
    make: pdu_utils.pdu_to_bursts_${type}(${early_behavior}, ${depth})
    callbacks:
    - set_max_queue_size(${depth})

file_format: 1
