# auto-generated by grc.converter

id: pdu_utils_pdu_align
label: PDU Align
category: '[Sandia]/PDU Utilities'

parameters:
-   id: syncwords
    label: Syncwords
    dtype: string
    default: 01010101010101010010110111010100, 10101010101010100010110111010100
-   id: offset
    label: Offset
    dtype: int
    default: '-16'
-   id: threshold
    label: Threshold
    dtype: int
    default: '0'

inputs:
-   domain: message
    id: pdu_in

outputs:
-   domain: message
    id: pdu_out
asserts:
- ${ threshold >= 0 }

templates:
    imports: import pdu_utils
    make: pdu_utils.pdu_align(${syncwords}, ${threshold}, ${offset})


file_format: 1
