# auto-generated by grc.converter

id: pdu_utils_message_emitter
label: Message Emitter
category: '[Sandia]/PDU Utilities/Debug Utils'

parameters:
-   id: msg
    label: Message
    dtype: raw
    default: pmt.PMT_NIL
-   id: emit_msg
    label: Emit Message Now
    dtype: raw
    default: pmt.PMT_NIL


outputs:
-   domain: message
    id: msg
    optional: true

templates:
    imports: |-
        from gnuradio import pdu_utils
        import pmt
    make: pdu_utils.message_emitter(${msg})
    callbacks:
    - set_msg(msg)
    - emit(${emit_msg})

file_format: 1
