# auto-generated by grc.converter

id: pdu_utils_sandia_message_debug
label: Message Debug++
category: '[Sandia]/PDU Utilities/Debug Utils'

inputs:
-   domain: message
    id: print
    optional: true
-   domain: message
    id: store
    optional: true
-   domain: message
    id: print_pdu
    optional: true

templates:
    imports: import pdu_utils
    make: pdu_utils.sandia_message_debug()

file_format: 1
