# auto-generated by grc.converter

id: pdu_utils_pdu_complex_to_mag2
label: Complex to Mag^2
category: '[Sandia]/PDU Utilities/'

inputs:
-   domain: message
    id: cpdus

outputs:
-   domain: message
    id: fpdus

templates:
    imports: import pdu_utils
    make: pdu_utils.pdu_complex_to_mag2()

file_format: 1
