# auto-generated by grc.converter

id: pdu_utils_pdu_pfb_resamp_cc
label: PDU PFB Resampler
category: '[Sandia]/PDU Utilities'

parameters:
-   id: type
    label: Type
    dtype: enum
    options: [ccf, fff, ccc]
    option_labels: [Complex->Complex (Real Taps), Float->Float (Real Taps), Complex->Complex (Complex Taps)]
    option_attributes:
        input: [complex, float, complex]
        output: [complex, float, complex]
        taps: [real_vector, real_vector, complex_vector]
-   id: resamp_rate
    label: Resample Rate
    dtype: float
    default: '1'
-   id: taps
    label: PFB Taps
    dtype: float_vector
-   id: nfilts
    label: N Filters
    dtype: int
    default: '32'

inputs:
-   domain: message
    id: pdu_in

outputs:
-   domain: message
    id: pdu_out
    optional: true

templates:
    imports: |-
        import pdu_utils
        from gnuradio import filter
    make: |-
        pdu_utils.pdu_pfb_resamp_${type}(
        % if taps:
            ${taps},
        % else:
            filter.firdes.low_pass_2(${nfilts}, ${nfilts}, 0.4, 0.2, 100, filter.firdes.WIN_BLACKMAN_HARRIS) \
            if ${resamp_rate} < 1 \
            else filter.optfir.low_pass(${nfilts}, ${nfilts}, 0.4, 0.6, .1, 100),
        % endif
            ${nfilts}, ${resamp_rate})
    callbacks:
    - set_taps(${taps})

file_format: 1
