# auto-generated by grc.converter

id: pdu_utils_qt_pdu_source
label: QT PDU Source
category: '[Sandia]/PDU Utilities'

parameters:
-   id: default_vector
    label: PDU Vector
    dtype: int_vector
    default: '[1,2,3,4]'
-   id: default_meta
    label: PDU Metadata
    dtype: string
    default: '{''trailer flags'':(0,0,0),''trailer window'':1000,''net ID'':25}'
-   id: submit_text
    label: Button Text
    dtype: string
    default: Send
-   id: gui_hint
    label: GUI Hint
    dtype: gui_hint
    hide: part
-   id: cr_on
    label: Append ASCII CR?
    dtype: int
    default: '0'
    hide: part

outputs:
-   domain: message
    id: pdu_out
    optional: true

templates:
    imports: import pdu_utils

    make: |-
          #set $win = 'self._%s_win'%$id
          <% win = 'self._%s_win'%id %>
          pdu_utils.qt_pdu_source(defaults={"PDU Vector":$default_vector,"PDU Metadata":$default_meta},submit_text=$submit_text)
          self._$(id)_win = self.$(id)
          $(gui_hint()($win))</make>

            
          #<% win = 'self._%s_win'%id %>
          #pdu_utils.qt_pdu_source(defaults={"PDU Vector":${default_vector},"PDU Metadata":${default_meta}},submit_text=${submit_text})
          #self._${id}_win = self.${id}
        #${gui_hint(in)}
    callbacks:
    - set_ascii_cr(${cr_on})
    
file_format: 1
