# auto-generated by grc.converter

id: pdu_utils_message_gate
label: Message Gate
category: '[Sandia]/PDU Utilities'

parameters:
-   id: enabled
    label: Enabled
    dtype: bool
-   id: showport
    label: Config Port
    dtype: enum
    default: 'True'
    options: ['False', 'True']
    option_labels: [Show, Hide]
    hide: part

inputs:
-   domain: message
    id: in
    optional: true

outputs:
-   domain: message
    id: out
    optional: true

templates:
    imports: import pdu_utils
    make: pdu_utils.message_gate(${enabled})
    callbacks:
    - set_enabled(${enabled})

file_format: 1
