# auto-generated by grc.converter

id: pdu_utils_message_emitter
label: Message Emitter
category: '[Sandia]/PDU Utilities/Debug Utils'

parameters:
-   id: msg
    label: Message
    dtype: raw
    default: pmt.PMT_NIL

outputs:
-   domain: message
    id: msg
    optional: true

templates:
    imports: |-
        import pdu_utils
        import pmt
    make: pdu_utils.message_emitter(${msg})
    callbacks:
    - set_msg(msg)

file_format: 1
