id: pdu_utils_pdu_quadrature_demod_cf
label: PDU Quadrature Demod
category: '[Sandia]/PDU Utilities'

parameters:
-   id: sensitivity
    label: Sensitivity
    dtype: float
    default: 1.0

inputs:
-   domain: message
    id: cpdus

outputs:
-   domain: message
    id: fpdus

templates:
    imports: import pdu_utils
    make: pdu_utils.pdu_quadrature_demod_cf(${sensitivity})

file_format: 1
