# auto-generated by grc.converter

id: pdu_utils_pdu_binary_tools
label: PDU Binary Tools
category: '[Sandia]/PDU Utilities/'

parameters:
-   id: mode
    label: Mode
    dtype: enum
    options: ['0', '1', '2', '3', '4']
    option_labels: [Bit Flip, To NRZ, From NRZ, Slice, Endian Swap]

inputs:
-   domain: message
    id: pdu_in
    optional: true

outputs:
-   domain: message
    id: pdu_out
    optional: true

templates:
    imports: import pdu_utils
    make: pdu_utils.pdu_binary_tools(${mode})

documentation: |-
    This block does not do byte-level operations, only binary, stored in uint8_t.

    Bit flip mode: Bitflips the uint8 vector portion of a pmt.

    To NRZ mode: Takes 0/1 data in uint8_t vector and changes to -1/1

    From NRZ mode: Takes -1/1 data in float vector and changes to 0/1

    Slice mode: negative values map to 0, positive values map to 1

    Endian Swap mode: read a bit stream and flip the bit order on 8 byte boundaries so that
    the byte order is preserved, but each byte is endian-swapped

file_format: 1
